
Microsoft Visual Studio Solution File, Format Version 12.00
# Visual Studio Version 16
VisualStudioVersion = 16.0.30413.136
MinimumVisualStudioVersion = 10.0.40219.1
Project("{FAE04EC0-301F-11D3-BF4B-00C04F79EFBC}") = "babadinier.shop.app", "babadinier.shop.app\babadinier.shop.app.csproj", "{B2D26471-3EEB-46D6-848B-C20C43D89DBE}"
EndProject
Project("{FAE04EC0-301F-11D3-BF4B-00C04F79EFBC}") = "babadinier.shop.shared", "babadinier.shop.shared\babadinier.shop.shared.csproj", "{40AD3C1C-8ADD-44F9-AF73-EC190061FDDA}"
EndProject
Global
	GlobalSection(SolutionConfigurationPlatforms) = preSolution
		Debug|Any CPU = Debug|Any CPU
		Release|Any CPU = Release|Any CPU
	EndGlobalSection
	GlobalSection(ProjectConfigurationPlatforms) = postSolution
		{B2D26471-3EEB-46D6-848B-C20C43D89DBE}.Debug|Any CPU.ActiveCfg = Debug|Any CPU
		{B2D26471-3EEB-46D6-848B-C20C43D89DBE}.Debug|Any CPU.Build.0 = Debug|Any CPU
		{B2D26471-3EEB-46D6-848B-C20C43D89DBE}.Release|Any CPU.ActiveCfg = Release|Any CPU
		{B2D26471-3EEB-46D6-848B-C20C43D89DBE}.Release|Any CPU.Build.0 = Release|Any CPU
		{40AD3C1C-8ADD-44F9-AF73-EC190061FDDA}.Debug|Any CPU.ActiveCfg = Debug|Any CPU
		{40AD3C1C-8ADD-44F9-AF73-EC190061FDDA}.Debug|Any CPU.Build.0 = Debug|Any CPU
		{40AD3C1C-8ADD-44F9-AF73-EC190061FDDA}.Release|Any CPU.ActiveCfg = Release|Any CPU
		{40AD3C1C-8ADD-44F9-AF73-EC190061FDDA}.Release|Any CPU.Build.0 = Release|Any CPU
	EndGlobalSection
	GlobalSection(SolutionProperties) = preSolution
		HideSolutionNode = FALSE
	EndGlobalSection
	GlobalSection(ExtensibilityGlobals) = postSolution
		SolutionGuid = {C7609A78-E1C0-4C14-98F6-6CB19A9A5551}
	EndGlobalSection
EndGlobal
